
Microsoft Visual Studio Solution File, Format Version 12.00
# Visual Studio Version 16
VisualStudioVersion = 16.0.30907.101
MinimumVisualStudioVersion = 10.0.40219.1
Project("{9A19103F-16F7-4668-BE54-9A1E7A4F7556}") = "DWISVocabularyDevelopment", "DWISVocabularyDevelopment\DWISVocabularyDevelopment.csproj", "{D1EC2752-B58D-489D-97E6-0DCE99F45639}"
EndProject
Project("{9A19103F-16F7-4668-BE54-9A1E7A4F7556}") = "VocabularyParseTest", "VocabularyParseTest\VocabularyParseTest.csproj", "{9515E3F5-97E8-4763-B993-9E916E94E0CF}"
EndProject
Project("{9A19103F-16F7-4668-BE54-9A1E7A4F7556}") = "VocabularyUtils", "VocabularyUtils\VocabularyUtils.csproj", "{28A1B3A6-C24B-4FDE-969A-CDE42786E857}"
EndProject
Global
	GlobalSection(SolutionConfigurationPlatforms) = preSolution
		Debug|Any CPU = Debug|Any CPU
		Release|Any CPU = Release|Any CPU
	EndGlobalSection
	GlobalSection(ProjectConfigurationPlatforms) = postSolution
		{D1EC2752-B58D-489D-97E6-0DCE99F45639}.Debug|Any CPU.ActiveCfg = Debug|Any CPU
		{D1EC2752-B58D-489D-97E6-0DCE99F45639}.Debug|Any CPU.Build.0 = Debug|Any CPU
		{D1EC2752-B58D-489D-97E6-0DCE99F45639}.Release|Any CPU.ActiveCfg = Release|Any CPU
		{D1EC2752-B58D-489D-97E6-0DCE99F45639}.Release|Any CPU.Build.0 = Release|Any CPU
		{9515E3F5-97E8-4763-B993-9E916E94E0CF}.Debug|Any CPU.ActiveCfg = Debug|Any CPU
		{9515E3F5-97E8-4763-B993-9E916E94E0CF}.Debug|Any CPU.Build.0 = Debug|Any CPU
		{9515E3F5-97E8-4763-B993-9E916E94E0CF}.Release|Any CPU.ActiveCfg = Release|Any CPU
		{9515E3F5-97E8-4763-B993-9E916E94E0CF}.Release|Any CPU.Build.0 = Release|Any CPU
		{28A1B3A6-C24B-4FDE-969A-CDE42786E857}.Debug|Any CPU.ActiveCfg = Debug|Any CPU
		{28A1B3A6-C24B-4FDE-969A-CDE42786E857}.Debug|Any CPU.Build.0 = Debug|Any CPU
		{28A1B3A6-C24B-4FDE-969A-CDE42786E857}.Release|Any CPU.ActiveCfg = Release|Any CPU
		{28A1B3A6-C24B-4FDE-969A-CDE42786E857}.Release|Any CPU.Build.0 = Release|Any CPU
	EndGlobalSection
	GlobalSection(SolutionProperties) = preSolution
		HideSolutionNode = FALSE
	EndGlobalSection
	GlobalSection(ExtensibilityGlobals) = postSolution
		SolutionGuid = {F325564A-BA5A-4860-BA83-72F0743F08F9}
	EndGlobalSection
EndGlobal
