
Microsoft Visual Studio Solution File, Format Version 12.00
# Visual Studio 15
VisualStudioVersion = 15.0.28307.1433
MinimumVisualStudioVersion = 10.0.40219.1
Project("{FAE04EC0-301F-11D3-BF4B-00C04F79EFBC}") = "WebApi.Tests", "WebApi.Tests\WebApi.Tests.csproj", "{8929EAC8-1802-4747-A0AB-1EA69045A6C3}"
EndProject
Project("{9A19103F-16F7-4668-BE54-9A1E7A4F7556}") = "WebApi", "WebApi\WebApi.csproj", "{80414A3F-7D0E-4313-B94C-9027836189F6}"
EndProject
Global
	GlobalSection(SolutionConfigurationPlatforms) = preSolution
		Debug|Any CPU = Debug|Any CPU
		Release|Any CPU = Release|Any CPU
	EndGlobalSection
	GlobalSection(ProjectConfigurationPlatforms) = postSolution
		{8929EAC8-1802-4747-A0AB-1EA69045A6C3}.Debug|Any CPU.ActiveCfg = Debug|Any CPU
		{8929EAC8-1802-4747-A0AB-1EA69045A6C3}.Debug|Any CPU.Build.0 = Debug|Any CPU
		{8929EAC8-1802-4747-A0AB-1EA69045A6C3}.Release|Any CPU.ActiveCfg = Release|Any CPU
		{8929EAC8-1802-4747-A0AB-1EA69045A6C3}.Release|Any CPU.Build.0 = Release|Any CPU
		{80414A3F-7D0E-4313-B94C-9027836189F6}.Debug|Any CPU.ActiveCfg = Debug|Any CPU
		{80414A3F-7D0E-4313-B94C-9027836189F6}.Debug|Any CPU.Build.0 = Debug|Any CPU
		{80414A3F-7D0E-4313-B94C-9027836189F6}.Release|Any CPU.ActiveCfg = Release|Any CPU
		{80414A3F-7D0E-4313-B94C-9027836189F6}.Release|Any CPU.Build.0 = Release|Any CPU
	EndGlobalSection
	GlobalSection(SolutionProperties) = preSolution
		HideSolutionNode = FALSE
	EndGlobalSection
	GlobalSection(ExtensibilityGlobals) = postSolution
		SolutionGuid = {A2C6D9B6-F2EC-48F8-8472-FB9D91691989}
	EndGlobalSection
EndGlobal
