
Microsoft Visual Studio Solution File, Format Version 12.00
# Visual Studio Version 17
VisualStudioVersion = 17.2.32616.157
MinimumVisualStudioVersion = 10.0.40219.1
Project("{9A19103F-16F7-4668-BE54-9A1E7A4F7556}") = "DWIS.Vocabulary.Development", "DWISVocabularyDevelopment\DWIS.Vocabulary.Development.csproj", "{D1EC2752-B58D-489D-97E6-0DCE99F45639}"
EndProject
Project("{9A19103F-16F7-4668-BE54-9A1E7A4F7556}") = "DWIS.Vocabulary.Parse.Test", "VocabularyParseTest\DWIS.Vocabulary.Parse.Test.csproj", "{9515E3F5-97E8-4763-B993-9E916E94E0CF}"
EndProject
Project("{9A19103F-16F7-4668-BE54-9A1E7A4F7556}") = "DWIS.Vocabulary.Utils", "VocabularyUtils\DWIS.Vocabulary.Utils.csproj", "{28A1B3A6-C24B-4FDE-969A-CDE42786E857}"
EndProject
Project("{9A19103F-16F7-4668-BE54-9A1E7A4F7556}") = "DWIS.Vocabulary.OWL", "DWISVocabulary.OWL\DWIS.Vocabulary.OWL.csproj", "{BC6E062D-5A11-469B-8C3B-616051A94D8C}"
EndProject
Project("{9A19103F-16F7-4668-BE54-9A1E7A4F7556}") = "DWIS.Vocabulary.Development.Actions", "DWISVocabularyDevelopment.Actions\DWIS.Vocabulary.Development.Actions.csproj", "{89997B26-3249-4AEC-87FA-9B954D4819BB}"
EndProject
Project("{9A19103F-16F7-4668-BE54-9A1E7A4F7556}") = "DWIS.Vocabulary.Schemas", "DWIS.Vocabulary.Schemas\DWIS.Vocabulary.Schemas.csproj", "{B72CFF41-5D72-4C4F-B1EC-8E6E5033190B}"
EndProject
Project("{9A19103F-16F7-4668-BE54-9A1E7A4F7556}") = "DWIS.StandardSet.UQ", "DWIS.StandardSet.UQ\DWIS.StandardSet.UQ.csproj", "{9C1A61E9-25C6-4ED9-B385-4F3C45B19B9A}"
EndProject
Project("{9A19103F-16F7-4668-BE54-9A1E7A4F7556}") = "DWIS.Vocabulary.Standard", "DWIS.Vocabulary.Standard\DWIS.Vocabulary.Standard.csproj", "{EABC1765-DEA8-4118-83EC-CB3D0854D164}"
EndProject
Project("{9A19103F-16F7-4668-BE54-9A1E7A4F7556}") = "DWIS.TestApp", "DWIS.TestApp\DWIS.TestApp.csproj", "{444A416E-C10A-4180-BBF8-0B2A4CACA103}"
EndProject
Project("{9A19103F-16F7-4668-BE54-9A1E7A4F7556}") = "DWIS.Vocabulary.Development.App.Server", "DWIS.Vocabulary.Development.App\Server\DWIS.Vocabulary.Development.App.Server.csproj", "{9B1E05C6-EC09-4D9A-85CF-2DA06A876D57}"
EndProject
Project("{9A19103F-16F7-4668-BE54-9A1E7A4F7556}") = "DWIS.Vocabulary.Development.App.Client", "DWIS.Vocabulary.Development.App\Client\DWIS.Vocabulary.Development.App.Client.csproj", "{F7E53731-709C-43A3-BF90-58D3E3222452}"
EndProject
Project("{9A19103F-16F7-4668-BE54-9A1E7A4F7556}") = "DWIS.Vocabulary.Development.App.Shared", "DWIS.Vocabulary.Development.App\Shared\DWIS.Vocabulary.Development.App.Shared.csproj", "{ADC6C495-EEBD-435B-8254-B0406880E55D}"
EndProject
Project("{2150E333-8FDC-42A3-9474-1A3956D46DE8}") = "Solution Items", "Solution Items", "{1A20F26C-6AB6-4F82-A678-BE8EA2C51E19}"
	ProjectSection(SolutionItems) = preProject
		pack-local.bat = pack-local.bat
	EndProjectSection
EndProject
Project("{2150E333-8FDC-42A3-9474-1A3956D46DE8}") = "D-WIS Vocabulary", "D-WIS Vocabulary", "{AED53459-BBA5-43F2-87B1-D3BCCFFEEFDF}"
EndProject
Project("{2150E333-8FDC-42A3-9474-1A3956D46DE8}") = "Apps", "Apps", "{5D5F1DFB-E5BB-490F-97D8-3FF6FC2DC168}"
EndProject
Project("{2150E333-8FDC-42A3-9474-1A3956D46DE8}") = "Vocabulary development", "Vocabulary development", "{6B1FBD1C-A17C-4F10-ACEA-25FF56BDD08E}"
EndProject
Project("{2150E333-8FDC-42A3-9474-1A3956D46DE8}") = "Actions", "Actions", "{84225128-495A-488E-B27A-1EC6E5512770}"
EndProject
Project("{2150E333-8FDC-42A3-9474-1A3956D46DE8}") = "Test-misc", "Test-misc", "{A6B119D7-8E09-4B79-9D51-4E867667EF47}"
EndProject
Project("{2150E333-8FDC-42A3-9474-1A3956D46DE8}") = "Graph edition", "Graph edition", "{0CFDA729-1E00-47DF-A107-C10B039092DB}"
EndProject
Project("{9A19103F-16F7-4668-BE54-9A1E7A4F7556}") = "DWIS.Vocabulary.Controls", "DWIS.Vocabulary.Controls\DWIS.Vocabulary.Controls.csproj", "{A9B77ADA-3D81-4FA3-AEAD-E8F80D5278E2}"
EndProject
Project("{9A19103F-16F7-4668-BE54-9A1E7A4F7556}") = "DWIS.Vocabulary.InstanceEdition", "DWIS.Vocabulary.InstanceEdition\DWIS.Vocabulary.InstanceEdition.csproj", "{58E8D84D-6055-4C30-986E-CAC6B892E8ED}"
EndProject
Project("{9A19103F-16F7-4668-BE54-9A1E7A4F7556}") = "DWIS.RenameNounsInExamples", "DWIS.RenameNounsInExamples\DWIS.RenameNounsInExamples.csproj", "{F80F4165-8844-4887-A8EA-D613165C1103}"
EndProject
Project("{2150E333-8FDC-42A3-9474-1A3956D46DE8}") = "Vocabulary", "Vocabulary", "{CF2537FB-A715-4093-A40E-155C61C6CF17}"
EndProject
Project("{2150E333-8FDC-42A3-9474-1A3956D46DE8}") = "Definitions", "Definitions", "{6448F601-D036-4F89-AACB-0D3B783F7EC1}"
	ProjectSection(SolutionItems) = preProject
		..\..\..\docs\vocabulary_development\definitions\ADCS.md = ..\..\..\docs\vocabulary_development\definitions\ADCS.md
		..\..\..\docs\vocabulary_development\definitions\AdvisorySystemAdvice.md = ..\..\..\docs\vocabulary_development\definitions\AdvisorySystemAdvice.md
		..\..\..\docs\vocabulary_development\definitions\ContextualData.md = ..\..\..\docs\vocabulary_development\definitions\ContextualData.md
		..\..\..\docs\vocabulary_development\definitions\DataDependencies.md = ..\..\..\docs\vocabulary_development\definitions\DataDependencies.md
		..\..\..\docs\vocabulary_development\definitions\DataFlow.md = ..\..\..\docs\vocabulary_development\definitions\DataFlow.md
		..\..\..\docs\vocabulary_development\definitions\DataProviders.md = ..\..\..\docs\vocabulary_development\definitions\DataProviders.md
		..\..\..\docs\vocabulary_development\definitions\DataTransmission.md = ..\..\..\docs\vocabulary_development\definitions\DataTransmission.md
		..\..\..\docs\vocabulary_development\definitions\DataValidity.md = ..\..\..\docs\vocabulary_development\definitions\DataValidity.md
		..\..\..\docs\vocabulary_development\definitions\DrillingDataSemantics.md = ..\..\..\docs\vocabulary_development\definitions\DrillingDataSemantics.md
		..\..\..\docs\vocabulary_development\definitions\DrillingEquipment.md = ..\..\..\docs\vocabulary_development\definitions\DrillingEquipment.md
		..\..\..\docs\vocabulary_development\definitions\DrillingIncident.md = ..\..\..\docs\vocabulary_development\definitions\DrillingIncident.md
		..\..\..\docs\vocabulary_development\definitions\DrillingLimit.md = ..\..\..\docs\vocabulary_development\definitions\DrillingLimit.md
		..\..\..\docs\vocabulary_development\definitions\DrillingObjective.md = ..\..\..\docs\vocabulary_development\definitions\DrillingObjective.md
		..\..\..\docs\vocabulary_development\definitions\DrillingProcedure.md = ..\..\..\docs\vocabulary_development\definitions\DrillingProcedure.md
		..\..\..\docs\vocabulary_development\definitions\DWISSemantics.md = ..\..\..\docs\vocabulary_development\definitions\DWISSemantics.md
		..\..\..\docs\vocabulary_development\definitions\EndPoints.md = ..\..\..\docs\vocabulary_development\definitions\EndPoints.md
		..\..\..\docs\vocabulary_development\definitions\Hydraulics.md = ..\..\..\docs\vocabulary_development\definitions\Hydraulics.md
		..\..\..\docs\vocabulary_development\definitions\MeasurableQuantityTypes.md = ..\..\..\docs\vocabulary_development\definitions\MeasurableQuantityTypes.md
		..\..\..\docs\vocabulary_development\definitions\MechanicalModel.md = ..\..\..\docs\vocabulary_development\definitions\MechanicalModel.md
		..\..\..\docs\vocabulary_development\definitions\Mechanics.md = ..\..\..\docs\vocabulary_development\definitions\Mechanics.md
		..\..\..\docs\vocabulary_development\definitions\Model.md = ..\..\..\docs\vocabulary_development\definitions\Model.md
		..\..\..\docs\vocabulary_development\definitions\PhysicalLocation.md = ..\..\..\docs\vocabulary_development\definitions\PhysicalLocation.md
		..\..\..\docs\vocabulary_development\definitions\Quantities.md = ..\..\..\docs\vocabulary_development\definitions\Quantities.md
		..\..\..\docs\vocabulary_development\definitions\QuantityTypes.md = ..\..\..\docs\vocabulary_development\definitions\QuantityTypes.md
		..\..\..\docs\vocabulary_development\definitions\SignalPrototypes.md = ..\..\..\docs\vocabulary_development\definitions\SignalPrototypes.md
		..\..\..\docs\vocabulary_development\definitions\TimeManagement.md = ..\..\..\docs\vocabulary_development\definitions\TimeManagement.md
		..\..\..\docs\vocabulary_development\definitions\Uncertainty.md = ..\..\..\docs\vocabulary_development\definitions\Uncertainty.md
		..\..\..\docs\vocabulary_development\definitions\UnitTypes.md = ..\..\..\docs\vocabulary_development\definitions\UnitTypes.md
	EndProjectSection
EndProject
Global
	GlobalSection(SolutionConfigurationPlatforms) = preSolution
		Debug|Any CPU = Debug|Any CPU
		Release|Any CPU = Release|Any CPU
	EndGlobalSection
	GlobalSection(ProjectConfigurationPlatforms) = postSolution
		{D1EC2752-B58D-489D-97E6-0DCE99F45639}.Debug|Any CPU.ActiveCfg = Debug|Any CPU
		{D1EC2752-B58D-489D-97E6-0DCE99F45639}.Debug|Any CPU.Build.0 = Debug|Any CPU
		{D1EC2752-B58D-489D-97E6-0DCE99F45639}.Release|Any CPU.ActiveCfg = Release|Any CPU
		{D1EC2752-B58D-489D-97E6-0DCE99F45639}.Release|Any CPU.Build.0 = Release|Any CPU
		{9515E3F5-97E8-4763-B993-9E916E94E0CF}.Debug|Any CPU.ActiveCfg = Debug|Any CPU
		{9515E3F5-97E8-4763-B993-9E916E94E0CF}.Debug|Any CPU.Build.0 = Debug|Any CPU
		{9515E3F5-97E8-4763-B993-9E916E94E0CF}.Release|Any CPU.ActiveCfg = Release|Any CPU
		{9515E3F5-97E8-4763-B993-9E916E94E0CF}.Release|Any CPU.Build.0 = Release|Any CPU
		{28A1B3A6-C24B-4FDE-969A-CDE42786E857}.Debug|Any CPU.ActiveCfg = Debug|Any CPU
		{28A1B3A6-C24B-4FDE-969A-CDE42786E857}.Debug|Any CPU.Build.0 = Debug|Any CPU
		{28A1B3A6-C24B-4FDE-969A-CDE42786E857}.Release|Any CPU.ActiveCfg = Release|Any CPU
		{28A1B3A6-C24B-4FDE-969A-CDE42786E857}.Release|Any CPU.Build.0 = Release|Any CPU
		{BC6E062D-5A11-469B-8C3B-616051A94D8C}.Debug|Any CPU.ActiveCfg = Debug|Any CPU
		{BC6E062D-5A11-469B-8C3B-616051A94D8C}.Debug|Any CPU.Build.0 = Debug|Any CPU
		{BC6E062D-5A11-469B-8C3B-616051A94D8C}.Release|Any CPU.ActiveCfg = Release|Any CPU
		{BC6E062D-5A11-469B-8C3B-616051A94D8C}.Release|Any CPU.Build.0 = Release|Any CPU
		{89997B26-3249-4AEC-87FA-9B954D4819BB}.Debug|Any CPU.ActiveCfg = Debug|Any CPU
		{89997B26-3249-4AEC-87FA-9B954D4819BB}.Debug|Any CPU.Build.0 = Debug|Any CPU
		{89997B26-3249-4AEC-87FA-9B954D4819BB}.Release|Any CPU.ActiveCfg = Release|Any CPU
		{89997B26-3249-4AEC-87FA-9B954D4819BB}.Release|Any CPU.Build.0 = Release|Any CPU
		{B72CFF41-5D72-4C4F-B1EC-8E6E5033190B}.Debug|Any CPU.ActiveCfg = Debug|Any CPU
		{B72CFF41-5D72-4C4F-B1EC-8E6E5033190B}.Debug|Any CPU.Build.0 = Debug|Any CPU
		{B72CFF41-5D72-4C4F-B1EC-8E6E5033190B}.Release|Any CPU.ActiveCfg = Release|Any CPU
		{B72CFF41-5D72-4C4F-B1EC-8E6E5033190B}.Release|Any CPU.Build.0 = Release|Any CPU
		{9C1A61E9-25C6-4ED9-B385-4F3C45B19B9A}.Debug|Any CPU.ActiveCfg = Debug|Any CPU
		{9C1A61E9-25C6-4ED9-B385-4F3C45B19B9A}.Debug|Any CPU.Build.0 = Debug|Any CPU
		{9C1A61E9-25C6-4ED9-B385-4F3C45B19B9A}.Release|Any CPU.ActiveCfg = Release|Any CPU
		{9C1A61E9-25C6-4ED9-B385-4F3C45B19B9A}.Release|Any CPU.Build.0 = Release|Any CPU
		{EABC1765-DEA8-4118-83EC-CB3D0854D164}.Debug|Any CPU.ActiveCfg = Debug|Any CPU
		{EABC1765-DEA8-4118-83EC-CB3D0854D164}.Debug|Any CPU.Build.0 = Debug|Any CPU
		{EABC1765-DEA8-4118-83EC-CB3D0854D164}.Release|Any CPU.ActiveCfg = Release|Any CPU
		{EABC1765-DEA8-4118-83EC-CB3D0854D164}.Release|Any CPU.Build.0 = Release|Any CPU
		{444A416E-C10A-4180-BBF8-0B2A4CACA103}.Debug|Any CPU.ActiveCfg = Debug|Any CPU
		{444A416E-C10A-4180-BBF8-0B2A4CACA103}.Debug|Any CPU.Build.0 = Debug|Any CPU
		{444A416E-C10A-4180-BBF8-0B2A4CACA103}.Release|Any CPU.ActiveCfg = Release|Any CPU
		{444A416E-C10A-4180-BBF8-0B2A4CACA103}.Release|Any CPU.Build.0 = Release|Any CPU
		{9B1E05C6-EC09-4D9A-85CF-2DA06A876D57}.Debug|Any CPU.ActiveCfg = Debug|Any CPU
		{9B1E05C6-EC09-4D9A-85CF-2DA06A876D57}.Debug|Any CPU.Build.0 = Debug|Any CPU
		{9B1E05C6-EC09-4D9A-85CF-2DA06A876D57}.Release|Any CPU.ActiveCfg = Release|Any CPU
		{9B1E05C6-EC09-4D9A-85CF-2DA06A876D57}.Release|Any CPU.Build.0 = Release|Any CPU
		{F7E53731-709C-43A3-BF90-58D3E3222452}.Debug|Any CPU.ActiveCfg = Debug|Any CPU
		{F7E53731-709C-43A3-BF90-58D3E3222452}.Debug|Any CPU.Build.0 = Debug|Any CPU
		{F7E53731-709C-43A3-BF90-58D3E3222452}.Release|Any CPU.ActiveCfg = Release|Any CPU
		{F7E53731-709C-43A3-BF90-58D3E3222452}.Release|Any CPU.Build.0 = Release|Any CPU
		{ADC6C495-EEBD-435B-8254-B0406880E55D}.Debug|Any CPU.ActiveCfg = Debug|Any CPU
		{ADC6C495-EEBD-435B-8254-B0406880E55D}.Debug|Any CPU.Build.0 = Debug|Any CPU
		{ADC6C495-EEBD-435B-8254-B0406880E55D}.Release|Any CPU.ActiveCfg = Release|Any CPU
		{ADC6C495-EEBD-435B-8254-B0406880E55D}.Release|Any CPU.Build.0 = Release|Any CPU
		{A9B77ADA-3D81-4FA3-AEAD-E8F80D5278E2}.Debug|Any CPU.ActiveCfg = Debug|Any CPU
		{A9B77ADA-3D81-4FA3-AEAD-E8F80D5278E2}.Debug|Any CPU.Build.0 = Debug|Any CPU
		{A9B77ADA-3D81-4FA3-AEAD-E8F80D5278E2}.Release|Any CPU.ActiveCfg = Release|Any CPU
		{A9B77ADA-3D81-4FA3-AEAD-E8F80D5278E2}.Release|Any CPU.Build.0 = Release|Any CPU
		{58E8D84D-6055-4C30-986E-CAC6B892E8ED}.Debug|Any CPU.ActiveCfg = Debug|Any CPU
		{58E8D84D-6055-4C30-986E-CAC6B892E8ED}.Debug|Any CPU.Build.0 = Debug|Any CPU
		{58E8D84D-6055-4C30-986E-CAC6B892E8ED}.Release|Any CPU.ActiveCfg = Release|Any CPU
		{58E8D84D-6055-4C30-986E-CAC6B892E8ED}.Release|Any CPU.Build.0 = Release|Any CPU
		{F80F4165-8844-4887-A8EA-D613165C1103}.Debug|Any CPU.ActiveCfg = Debug|Any CPU
		{F80F4165-8844-4887-A8EA-D613165C1103}.Debug|Any CPU.Build.0 = Debug|Any CPU
		{F80F4165-8844-4887-A8EA-D613165C1103}.Release|Any CPU.ActiveCfg = Release|Any CPU
		{F80F4165-8844-4887-A8EA-D613165C1103}.Release|Any CPU.Build.0 = Release|Any CPU
	EndGlobalSection
	GlobalSection(SolutionProperties) = preSolution
		HideSolutionNode = FALSE
	EndGlobalSection
	GlobalSection(NestedProjects) = preSolution
		{9515E3F5-97E8-4763-B993-9E916E94E0CF} = {A6B119D7-8E09-4B79-9D51-4E867667EF47}
		{89997B26-3249-4AEC-87FA-9B954D4819BB} = {84225128-495A-488E-B27A-1EC6E5512770}
		{B72CFF41-5D72-4C4F-B1EC-8E6E5033190B} = {AED53459-BBA5-43F2-87B1-D3BCCFFEEFDF}
		{EABC1765-DEA8-4118-83EC-CB3D0854D164} = {AED53459-BBA5-43F2-87B1-D3BCCFFEEFDF}
		{444A416E-C10A-4180-BBF8-0B2A4CACA103} = {A6B119D7-8E09-4B79-9D51-4E867667EF47}
		{9B1E05C6-EC09-4D9A-85CF-2DA06A876D57} = {6B1FBD1C-A17C-4F10-ACEA-25FF56BDD08E}
		{F7E53731-709C-43A3-BF90-58D3E3222452} = {6B1FBD1C-A17C-4F10-ACEA-25FF56BDD08E}
		{ADC6C495-EEBD-435B-8254-B0406880E55D} = {6B1FBD1C-A17C-4F10-ACEA-25FF56BDD08E}
		{6B1FBD1C-A17C-4F10-ACEA-25FF56BDD08E} = {5D5F1DFB-E5BB-490F-97D8-3FF6FC2DC168}
		{84225128-495A-488E-B27A-1EC6E5512770} = {5D5F1DFB-E5BB-490F-97D8-3FF6FC2DC168}
		{0CFDA729-1E00-47DF-A107-C10B039092DB} = {5D5F1DFB-E5BB-490F-97D8-3FF6FC2DC168}
		{A9B77ADA-3D81-4FA3-AEAD-E8F80D5278E2} = {0CFDA729-1E00-47DF-A107-C10B039092DB}
		{58E8D84D-6055-4C30-986E-CAC6B892E8ED} = {0CFDA729-1E00-47DF-A107-C10B039092DB}
		{F80F4165-8844-4887-A8EA-D613165C1103} = {A6B119D7-8E09-4B79-9D51-4E867667EF47}
		{6448F601-D036-4F89-AACB-0D3B783F7EC1} = {CF2537FB-A715-4093-A40E-155C61C6CF17}
	EndGlobalSection
	GlobalSection(ExtensibilityGlobals) = postSolution
		SolutionGuid = {F325564A-BA5A-4860-BA83-72F0743F08F9}
	EndGlobalSection
EndGlobal
