
Microsoft Visual Studio Solution File, Format Version 12.00
# Visual Studio Version 17
VisualStudioVersion = 17.2.32616.157
MinimumVisualStudioVersion = 10.0.40219.1
Project("{9A19103F-16F7-4668-BE54-9A1E7A4F7556}") = "DWIS.Vocabulary.Development", "DWISVocabularyDevelopment\DWIS.Vocabulary.Development.csproj", "{D1EC2752-B58D-489D-97E6-0DCE99F45639}"
EndProject
Project("{9A19103F-16F7-4668-BE54-9A1E7A4F7556}") = "DWIS.Vocabulary.Parse.Test", "VocabularyParseTest\DWIS.Vocabulary.Parse.Test.csproj", "{9515E3F5-97E8-4763-B993-9E916E94E0CF}"
EndProject
Project("{9A19103F-16F7-4668-BE54-9A1E7A4F7556}") = "DWIS.Vocabulary.Utils", "VocabularyUtils\DWIS.Vocabulary.Utils.csproj", "{28A1B3A6-C24B-4FDE-969A-CDE42786E857}"
EndProject
Project("{9A19103F-16F7-4668-BE54-9A1E7A4F7556}") = "DWIS.Vocabulary.OWL", "DWISVocabulary.OWL\DWIS.Vocabulary.OWL.csproj", "{BC6E062D-5A11-469B-8C3B-616051A94D8C}"
EndProject
Project("{9A19103F-16F7-4668-BE54-9A1E7A4F7556}") = "DWIS.Vocabulary.Development.Actions", "DWISVocabularyDevelopment.Actions\DWIS.Vocabulary.Development.Actions.csproj", "{89997B26-3249-4AEC-87FA-9B954D4819BB}"
EndProject
Project("{9A19103F-16F7-4668-BE54-9A1E7A4F7556}") = "DWIS.Vocabulary.Schemas", "DWIS.Vocabulary.Schemas\DWIS.Vocabulary.Schemas.csproj", "{B72CFF41-5D72-4C4F-B1EC-8E6E5033190B}"
EndProject
Project("{9A19103F-16F7-4668-BE54-9A1E7A4F7556}") = "DWIS.StandardSet.UQ", "DWIS.StandardSet.UQ\DWIS.StandardSet.UQ.csproj", "{9C1A61E9-25C6-4ED9-B385-4F3C45B19B9A}"
EndProject
Project("{9A19103F-16F7-4668-BE54-9A1E7A4F7556}") = "DWIS.Vocabulary.Standard", "DWIS.Vocabulary.Standard\DWIS.Vocabulary.Standard.csproj", "{EABC1765-DEA8-4118-83EC-CB3D0854D164}"
EndProject
Project("{9A19103F-16F7-4668-BE54-9A1E7A4F7556}") = "DWIS.TestApp", "DWIS.TestApp\DWIS.TestApp.csproj", "{444A416E-C10A-4180-BBF8-0B2A4CACA103}"
EndProject
Project("{9A19103F-16F7-4668-BE54-9A1E7A4F7556}") = "DWIS.Vocabulary.Development.App.Server", "DWIS.Vocabulary.Development.App\Server\DWIS.Vocabulary.Development.App.Server.csproj", "{9B1E05C6-EC09-4D9A-85CF-2DA06A876D57}"
EndProject
Project("{9A19103F-16F7-4668-BE54-9A1E7A4F7556}") = "DWIS.Vocabulary.Development.App.Client", "DWIS.Vocabulary.Development.App\Client\DWIS.Vocabulary.Development.App.Client.csproj", "{F7E53731-709C-43A3-BF90-58D3E3222452}"
EndProject
Project("{9A19103F-16F7-4668-BE54-9A1E7A4F7556}") = "DWIS.Vocabulary.Development.App.Shared", "DWIS.Vocabulary.Development.App\Shared\DWIS.Vocabulary.Development.App.Shared.csproj", "{ADC6C495-EEBD-435B-8254-B0406880E55D}"
EndProject
Global
	GlobalSection(SolutionConfigurationPlatforms) = preSolution
		Debug|Any CPU = Debug|Any CPU
		Release|Any CPU = Release|Any CPU
	EndGlobalSection
	GlobalSection(ProjectConfigurationPlatforms) = postSolution
		{D1EC2752-B58D-489D-97E6-0DCE99F45639}.Debug|Any CPU.ActiveCfg = Debug|Any CPU
		{D1EC2752-B58D-489D-97E6-0DCE99F45639}.Debug|Any CPU.Build.0 = Debug|Any CPU
		{D1EC2752-B58D-489D-97E6-0DCE99F45639}.Release|Any CPU.ActiveCfg = Release|Any CPU
		{D1EC2752-B58D-489D-97E6-0DCE99F45639}.Release|Any CPU.Build.0 = Release|Any CPU
		{9515E3F5-97E8-4763-B993-9E916E94E0CF}.Debug|Any CPU.ActiveCfg = Debug|Any CPU
		{9515E3F5-97E8-4763-B993-9E916E94E0CF}.Debug|Any CPU.Build.0 = Debug|Any CPU
		{9515E3F5-97E8-4763-B993-9E916E94E0CF}.Release|Any CPU.ActiveCfg = Release|Any CPU
		{9515E3F5-97E8-4763-B993-9E916E94E0CF}.Release|Any CPU.Build.0 = Release|Any CPU
		{28A1B3A6-C24B-4FDE-969A-CDE42786E857}.Debug|Any CPU.ActiveCfg = Debug|Any CPU
		{28A1B3A6-C24B-4FDE-969A-CDE42786E857}.Debug|Any CPU.Build.0 = Debug|Any CPU
		{28A1B3A6-C24B-4FDE-969A-CDE42786E857}.Release|Any CPU.ActiveCfg = Release|Any CPU
		{28A1B3A6-C24B-4FDE-969A-CDE42786E857}.Release|Any CPU.Build.0 = Release|Any CPU
		{BC6E062D-5A11-469B-8C3B-616051A94D8C}.Debug|Any CPU.ActiveCfg = Debug|Any CPU
		{BC6E062D-5A11-469B-8C3B-616051A94D8C}.Debug|Any CPU.Build.0 = Debug|Any CPU
		{BC6E062D-5A11-469B-8C3B-616051A94D8C}.Release|Any CPU.ActiveCfg = Release|Any CPU
		{BC6E062D-5A11-469B-8C3B-616051A94D8C}.Release|Any CPU.Build.0 = Release|Any CPU
		{89997B26-3249-4AEC-87FA-9B954D4819BB}.Debug|Any CPU.ActiveCfg = Debug|Any CPU
		{89997B26-3249-4AEC-87FA-9B954D4819BB}.Debug|Any CPU.Build.0 = Debug|Any CPU
		{89997B26-3249-4AEC-87FA-9B954D4819BB}.Release|Any CPU.ActiveCfg = Release|Any CPU
		{89997B26-3249-4AEC-87FA-9B954D4819BB}.Release|Any CPU.Build.0 = Release|Any CPU
		{B72CFF41-5D72-4C4F-B1EC-8E6E5033190B}.Debug|Any CPU.ActiveCfg = Debug|Any CPU
		{B72CFF41-5D72-4C4F-B1EC-8E6E5033190B}.Debug|Any CPU.Build.0 = Debug|Any CPU
		{B72CFF41-5D72-4C4F-B1EC-8E6E5033190B}.Release|Any CPU.ActiveCfg = Release|Any CPU
		{B72CFF41-5D72-4C4F-B1EC-8E6E5033190B}.Release|Any CPU.Build.0 = Release|Any CPU
		{9C1A61E9-25C6-4ED9-B385-4F3C45B19B9A}.Debug|Any CPU.ActiveCfg = Debug|Any CPU
		{9C1A61E9-25C6-4ED9-B385-4F3C45B19B9A}.Debug|Any CPU.Build.0 = Debug|Any CPU
		{9C1A61E9-25C6-4ED9-B385-4F3C45B19B9A}.Release|Any CPU.ActiveCfg = Release|Any CPU
		{9C1A61E9-25C6-4ED9-B385-4F3C45B19B9A}.Release|Any CPU.Build.0 = Release|Any CPU
		{EABC1765-DEA8-4118-83EC-CB3D0854D164}.Debug|Any CPU.ActiveCfg = Debug|Any CPU
		{EABC1765-DEA8-4118-83EC-CB3D0854D164}.Debug|Any CPU.Build.0 = Debug|Any CPU
		{EABC1765-DEA8-4118-83EC-CB3D0854D164}.Release|Any CPU.ActiveCfg = Release|Any CPU
		{EABC1765-DEA8-4118-83EC-CB3D0854D164}.Release|Any CPU.Build.0 = Release|Any CPU
		{444A416E-C10A-4180-BBF8-0B2A4CACA103}.Debug|Any CPU.ActiveCfg = Debug|Any CPU
		{444A416E-C10A-4180-BBF8-0B2A4CACA103}.Debug|Any CPU.Build.0 = Debug|Any CPU
		{444A416E-C10A-4180-BBF8-0B2A4CACA103}.Release|Any CPU.ActiveCfg = Release|Any CPU
		{444A416E-C10A-4180-BBF8-0B2A4CACA103}.Release|Any CPU.Build.0 = Release|Any CPU
		{9B1E05C6-EC09-4D9A-85CF-2DA06A876D57}.Debug|Any CPU.ActiveCfg = Debug|Any CPU
		{9B1E05C6-EC09-4D9A-85CF-2DA06A876D57}.Debug|Any CPU.Build.0 = Debug|Any CPU
		{9B1E05C6-EC09-4D9A-85CF-2DA06A876D57}.Release|Any CPU.ActiveCfg = Release|Any CPU
		{9B1E05C6-EC09-4D9A-85CF-2DA06A876D57}.Release|Any CPU.Build.0 = Release|Any CPU
		{F7E53731-709C-43A3-BF90-58D3E3222452}.Debug|Any CPU.ActiveCfg = Debug|Any CPU
		{F7E53731-709C-43A3-BF90-58D3E3222452}.Debug|Any CPU.Build.0 = Debug|Any CPU
		{F7E53731-709C-43A3-BF90-58D3E3222452}.Release|Any CPU.ActiveCfg = Release|Any CPU
		{F7E53731-709C-43A3-BF90-58D3E3222452}.Release|Any CPU.Build.0 = Release|Any CPU
		{ADC6C495-EEBD-435B-8254-B0406880E55D}.Debug|Any CPU.ActiveCfg = Debug|Any CPU
		{ADC6C495-EEBD-435B-8254-B0406880E55D}.Debug|Any CPU.Build.0 = Debug|Any CPU
		{ADC6C495-EEBD-435B-8254-B0406880E55D}.Release|Any CPU.ActiveCfg = Release|Any CPU
		{ADC6C495-EEBD-435B-8254-B0406880E55D}.Release|Any CPU.Build.0 = Release|Any CPU
	EndGlobalSection
	GlobalSection(SolutionProperties) = preSolution
		HideSolutionNode = FALSE
	EndGlobalSection
	GlobalSection(ExtensibilityGlobals) = postSolution
		SolutionGuid = {F325564A-BA5A-4860-BA83-72F0743F08F9}
	EndGlobalSection
EndGlobal
